
Microsoft Visual Studio Solution File, Format Version 12.00
# Visual Studio Version 16
VisualStudioVersion = 16.0.31729.503
MinimumVisualStudioVersion = 10.0.40219.1
Project("{9A19103F-16F7-4668-BE54-9A1E7A4F7556}") = "MazeCore.MongoDb", "MazeCore.MongoDb\MazeCore.MongoDb.csproj", "{D2EF37B7-B82F-48E7-850B-CE391E238DAE}"
EndProject
Global
	GlobalSection(SolutionConfigurationPlatforms) = preSolution
		Debug|Any CPU = Debug|Any CPU
		Release|Any CPU = Release|Any CPU
	EndGlobalSection
	GlobalSection(ProjectConfigurationPlatforms) = postSolution
		{D2EF37B7-B82F-48E7-850B-CE391E238DAE}.Debug|Any CPU.ActiveCfg = Debug|Any CPU
		{D2EF37B7-B82F-48E7-850B-CE391E238DAE}.Debug|Any CPU.Build.0 = Debug|Any CPU
		{D2EF37B7-B82F-48E7-850B-CE391E238DAE}.Release|Any CPU.ActiveCfg = Release|Any CPU
		{D2EF37B7-B82F-48E7-850B-CE391E238DAE}.Release|Any CPU.Build.0 = Release|Any CPU
	EndGlobalSection
	GlobalSection(SolutionProperties) = preSolution
		HideSolutionNode = FALSE
	EndGlobalSection
	GlobalSection(ExtensibilityGlobals) = postSolution
		SolutionGuid = {6D81913D-0E62-4389-BDCF-C6A8C41C5B17}
	EndGlobalSection
EndGlobal
